
Microsoft Visual Studio Solution File, Format Version 12.00
# Visual Studio 15
VisualStudioVersion = 15.0.28307.102
MinimumVisualStudioVersion = 10.0.40219.1
Project("{FAE04EC0-301F-11D3-BF4B-00C04F79EFBC}") = "MagicHome", "MagicHome\MagicHome.csproj", "{E55C724C-E0E5-4231-93D3-ECC54806D6F5}"
EndProject
Project("{2150E333-8FDC-42A3-9474-1A3956D46DE8}") = "PowerShellScripts", "PowerShellScripts", "{A55D101F-4304-4933-B1BD-B3A1F5BCD3AC}"
EndProject
Project("{F5034706-568F-408A-B7B3-4D38C6DB8A32}") = "GACAssembly", "PowershellScripts\GACAssembly\GACAssembly.pssproj", "{18472A4A-C500-46C7-ADFD-FD1508B2619D}"
EndProject
Project("{F5034706-568F-408A-B7B3-4D38C6DB8A32}") = "ObfuscateAssembly", "PowershellScripts\ObfuscateAssembly\ObfuscateAssembly.pssproj", "{6CAFC0C6-A428-4D30-A9F9-700E829FEA51}"
EndProject
Project("{F5034706-568F-408A-B7B3-4D38C6DB8A32}") = "SetAssemblyStrongNameVerificationState", "PowershellScripts\SetAssemblyStrongNameVerificationState\SetAssemblyStrongNameVerificationState.pssproj", "{C61CAFDD-A6C9-474C-9791-C658F01C7F1C}"
EndProject
Project("{F5034706-568F-408A-B7B3-4D38C6DB8A32}") = "SignAssembly", "PowershellScripts\SignAssembly\SignAssembly.pssproj", "{9BD278FF-FB2C-462E-A325-6578A436B256}"
EndProject
Project("{F5034706-568F-408A-B7B3-4D38C6DB8A32}") = "Utility", "PowershellScripts\Utility\Utility.pssproj", "{8B3A50D0-1DB1-4E52-AFAC-F6249D42884E}"
EndProject
Project("{FAE04EC0-301F-11D3-BF4B-00C04F79EFBC}") = "MagicHomeAPI", "MagicHomeAPI\MagicHomeAPI.csproj", "{A3F42E91-649A-4F03-970D-70B8FA24D876}"
EndProject
Project("{2150E333-8FDC-42A3-9474-1A3956D46DE8}") = "Projects", "Projects", "{E8AB79C3-5A56-4793-88E6-79B24285411E}"
EndProject
Global
	GlobalSection(SolutionConfigurationPlatforms) = preSolution
		Debug|Any CPU = Debug|Any CPU
		Release|Any CPU = Release|Any CPU
	EndGlobalSection
	GlobalSection(ProjectConfigurationPlatforms) = postSolution
		{E55C724C-E0E5-4231-93D3-ECC54806D6F5}.Debug|Any CPU.ActiveCfg = Debug|Any CPU
		{E55C724C-E0E5-4231-93D3-ECC54806D6F5}.Debug|Any CPU.Build.0 = Debug|Any CPU
		{E55C724C-E0E5-4231-93D3-ECC54806D6F5}.Release|Any CPU.ActiveCfg = Release|Any CPU
		{E55C724C-E0E5-4231-93D3-ECC54806D6F5}.Release|Any CPU.Build.0 = Release|Any CPU
		{18472A4A-C500-46C7-ADFD-FD1508B2619D}.Debug|Any CPU.ActiveCfg = Debug|Any CPU
		{18472A4A-C500-46C7-ADFD-FD1508B2619D}.Release|Any CPU.ActiveCfg = Release|Any CPU
		{6CAFC0C6-A428-4D30-A9F9-700E829FEA51}.Debug|Any CPU.ActiveCfg = Debug|Any CPU
		{6CAFC0C6-A428-4D30-A9F9-700E829FEA51}.Release|Any CPU.ActiveCfg = Release|Any CPU
		{C61CAFDD-A6C9-474C-9791-C658F01C7F1C}.Debug|Any CPU.ActiveCfg = Debug|Any CPU
		{C61CAFDD-A6C9-474C-9791-C658F01C7F1C}.Release|Any CPU.ActiveCfg = Release|Any CPU
		{9BD278FF-FB2C-462E-A325-6578A436B256}.Debug|Any CPU.ActiveCfg = Debug|Any CPU
		{9BD278FF-FB2C-462E-A325-6578A436B256}.Release|Any CPU.ActiveCfg = Release|Any CPU
		{8B3A50D0-1DB1-4E52-AFAC-F6249D42884E}.Debug|Any CPU.ActiveCfg = Debug|Any CPU
		{8B3A50D0-1DB1-4E52-AFAC-F6249D42884E}.Release|Any CPU.ActiveCfg = Release|Any CPU
		{A3F42E91-649A-4F03-970D-70B8FA24D876}.Debug|Any CPU.ActiveCfg = Debug|Any CPU
		{A3F42E91-649A-4F03-970D-70B8FA24D876}.Debug|Any CPU.Build.0 = Debug|Any CPU
		{A3F42E91-649A-4F03-970D-70B8FA24D876}.Release|Any CPU.ActiveCfg = Release|Any CPU
		{A3F42E91-649A-4F03-970D-70B8FA24D876}.Release|Any CPU.Build.0 = Release|Any CPU
	EndGlobalSection
	GlobalSection(SolutionProperties) = preSolution
		HideSolutionNode = FALSE
	EndGlobalSection
	GlobalSection(NestedProjects) = preSolution
		{E55C724C-E0E5-4231-93D3-ECC54806D6F5} = {E8AB79C3-5A56-4793-88E6-79B24285411E}
		{18472A4A-C500-46C7-ADFD-FD1508B2619D} = {A55D101F-4304-4933-B1BD-B3A1F5BCD3AC}
		{6CAFC0C6-A428-4D30-A9F9-700E829FEA51} = {A55D101F-4304-4933-B1BD-B3A1F5BCD3AC}
		{C61CAFDD-A6C9-474C-9791-C658F01C7F1C} = {A55D101F-4304-4933-B1BD-B3A1F5BCD3AC}
		{9BD278FF-FB2C-462E-A325-6578A436B256} = {A55D101F-4304-4933-B1BD-B3A1F5BCD3AC}
		{8B3A50D0-1DB1-4E52-AFAC-F6249D42884E} = {A55D101F-4304-4933-B1BD-B3A1F5BCD3AC}
		{A3F42E91-649A-4F03-970D-70B8FA24D876} = {E8AB79C3-5A56-4793-88E6-79B24285411E}
	EndGlobalSection
	GlobalSection(ExtensibilityGlobals) = postSolution
		SolutionGuid = {2349FDB1-7E91-4282-9B64-188F392FA999}
	EndGlobalSection
EndGlobal
